<?xml version="1.0" encoding="UTF-8" standalone="yes" ?>
<CodeBlocks_project_file>
	<FileVersion major="1" minor="6" />
	<Project>
		<Option title="ubc" />
		<Option makefile_is_custom="1" />
		<Option pch_mode="2" />
		<Option compiler="msvc8" />
		<MakeCommands>
			<Build command="$make -j2 -f $makefile $target" />
			<CompileFile command="$make -f $makefile $file" />
			<Clean command="$make -f $makefile clean$target" />
			<DistClean command="$make -f $makefile distclean$target" />
			<AskRebuildNeeded command="$make -q -f $makefile $target" />
			<SilentBuild command="$make -s -f $makefile $target" />
		</MakeCommands>
		<Build>
			<Target title="Debug">
				<Option output="debug\ubc" prefix_auto="1" extension_auto="1" />
				<Option working_dir="debug\" />
				<Option type="1" />
				<Option compiler="msvc8" />
				<MakeCommands>
					<Build command="$make -f $makefile" />
					<CompileFile command="$make -f $makefile $file" />
					<Clean command="$make -f $makefile clean" />
					<DistClean command="$make -f $makefile distclean $target" />
					<AskRebuildNeeded command="$make -q -f $makefile $target" />
					<SilentBuild command="$make -s -f $makefile $target" />
				</MakeCommands>
			</Target>
			<Target title="Release">
				<Option output="release\ubc.exe" prefix_auto="0" extension_auto="0" />
				<Option working_dir="release\" />
				<Option object_output="release\win32-cb\" />
				<Option type="0" />
				<Option compiler="msvc8" />
				<Compiler>
					<Add option="/EHsc" />
				</Compiler>
				<Linker>
					<Add option="-s" />
					<Add library="OgreMain" />
				</Linker>
				<MakeCommands>
					<Build command="nmake -f $makefile" />
					<CompileFile command="nmake -f $makefile $file" />
					<Clean command="nmake -f $makefile clean" />
					<DistClean command="nmake -f $makefile distclean$target" />
					<AskRebuildNeeded command="$make -q -f $makefile $target" />
					<SilentBuild command="$make -s -f $makefile $target" />
				</MakeCommands>
			</Target>
		</Build>
		<Unit filename="include\ai.h" />
		<Unit filename="include\basketballs.h" />
		<Unit filename="include\collision.h" />
		<Unit filename="include\courtdata.h" />
		<Unit filename="include\courtstate.h" />
		<Unit filename="include\defense.h" />
		<Unit filename="include\games.h" />
		<Unit filename="include\gamestate.h" />
		<Unit filename="include\gui.h" />
		<Unit filename="include\input.h" />
		<Unit filename="include\load.h" />
		<Unit filename="include\main.h" />
		<Unit filename="include\menus.h" />
		<Unit filename="include\network.h" />
		<Unit filename="include\offense.h" />
		<Unit filename="include\ogreapplication.h" />
		<Unit filename="include\physics.h" />
		<Unit filename="include\playerdata.h" />
		<Unit filename="include\players.h" />
		<Unit filename="include\playerstate.h" />
		<Unit filename="include\renderers.h" />
		<Unit filename="include\rendersystems.h" />
		<Unit filename="include\sound.h" />
		<Unit filename="include\teamdata.h" />
		<Unit filename="include\teams.h" />
		<Unit filename="include\teamstate.h" />
		<Unit filename="include\ubcapp.h" />
		<Unit filename="src\basketballs.cpp" />
		<Unit filename="src\courtdata.cpp" />
		<Unit filename="src\courtstate.cpp" />
		<Unit filename="src\defense.cpp">
			<Option target="Release" />
		</Unit>
		<Unit filename="src\games.cpp">
			<Option target="Release" />
		</Unit>
		<Unit filename="src\gamestate.cpp">
			<Option target="Release" />
		</Unit>
		<Unit filename="src\gui.cpp">
			<Option target="&lt;{~None~}&gt;" />
		</Unit>
		<Unit filename="src\input.cpp" />
		<Unit filename="src\load.cpp">
			<Option target="Release" />
		</Unit>
		<Unit filename="src\offense.cpp">
			<Option target="Release" />
		</Unit>
		<Unit filename="src\ogreapplication.cpp">
			<Option target="Release" />
		</Unit>
		<Unit filename="src\physics.cpp" />
		<Unit filename="src\playerdata.cpp">
			<Option target="Release" />
		</Unit>
		<Unit filename="src\players.cpp">
			<Option target="Release" />
		</Unit>
		<Unit filename="src\playerstate.cpp" />
		<Unit filename="src\rendersystems.cpp" />
		<Unit filename="src\sound.cpp" />
		<Unit filename="src\teamdata.cpp" />
		<Unit filename="src\teams.cpp">
			<Option target="Release" />
		</Unit>
		<Unit filename="src\teamstate.cpp" />
		<Unit filename="src\tinyxml\tinystr.cpp">
			<Option target="Release" />
		</Unit>
		<Unit filename="src\tinyxml\tinystr.h">
			<Option target="Release" />
		</Unit>
		<Unit filename="src\tinyxml\tinyxml.cpp">
			<Option target="Release" />
		</Unit>
		<Unit filename="src\tinyxml\tinyxml.h">
			<Option target="Release" />
		</Unit>
		<Unit filename="src\tinyxml\tinyxmlerror.cpp">
			<Option target="Release" />
		</Unit>
		<Unit filename="src\tinyxml\tinyxmlparser.cpp">
			<Option target="Release" />
		</Unit>
		<Unit filename="src\ubcapp.cpp">
			<Option target="Release" />
		</Unit>
		<Extensions>
			<code_completion />
			<envvars />
			<debugger />
		</Extensions>
	</Project>
</CodeBlocks_project_file>
